
Microsoft Visual Studio Solution File, Format Version 12.00
# Visual Studio Version 17
VisualStudioVersion = 17.12.35527.113
MinimumVisualStudioVersion = 10.0.40219.1
Project("{FAE04EC0-301F-11D3-BF4B-00C04F79EFBC}") = "Lavender", "Lavender\Lavender.csproj", "{3802F65D-D5B3-439A-8EA9-3E437D1CAA03}"
EndProject
Project("{FAE04EC0-301F-11D3-BF4B-00C04F79EFBC}") = "Lavender.Test", "Lavender.Test\Lavender.Test.csproj", "{1549CFE4-1EC6-472D-B1D4-DCD9B5105801}"
EndProject
Global
	GlobalSection(SolutionConfigurationPlatforms) = preSolution
		Debug|Any CPU = Debug|Any CPU
		Release|Any CPU = Release|Any CPU
	EndGlobalSection
	GlobalSection(ProjectConfigurationPlatforms) = postSolution
		{3802F65D-D5B3-439A-8EA9-3E437D1CAA03}.Debug|Any CPU.ActiveCfg = Debug|Any CPU
		{3802F65D-D5B3-439A-8EA9-3E437D1CAA03}.Debug|Any CPU.Build.0 = Debug|Any CPU
		{3802F65D-D5B3-439A-8EA9-3E437D1CAA03}.Release|Any CPU.ActiveCfg = Release|Any CPU
		{3802F65D-D5B3-439A-8EA9-3E437D1CAA03}.Release|Any CPU.Build.0 = Release|Any CPU
		{1549CFE4-1EC6-472D-B1D4-DCD9B5105801}.Debug|Any CPU.ActiveCfg = Debug|Any CPU
		{1549CFE4-1EC6-472D-B1D4-DCD9B5105801}.Debug|Any CPU.Build.0 = Debug|Any CPU
		{1549CFE4-1EC6-472D-B1D4-DCD9B5105801}.Release|Any CPU.ActiveCfg = Release|Any CPU
		{1549CFE4-1EC6-472D-B1D4-DCD9B5105801}.Release|Any CPU.Build.0 = Release|Any CPU
	EndGlobalSection
	GlobalSection(SolutionProperties) = preSolution
		HideSolutionNode = FALSE
	EndGlobalSection
EndGlobal
